{"format_version":"1.2","terraform_version":"1.7.4","planned_values":{"root_module":{"resources":[{"address":"aws_cloudtrail.example","mode":"managed","type":"aws_cloudtrail","name":"example","provider_name":"registry.terraform.io/hashicorp/aws","schema_version":1,"values":{"advanced_event_selector":[],"cloud_watch_logs_group_arn":null,"cloud_watch_logs_role_arn":null,"enable_log_file_validation":false,"enable_logging":true,"event_selector":[],"include_global_service_events":false,"insight_selector":[],"is_multi_region_trail":false,"is_organization_trail":false,"kms_key_id":null,"name":"example","s3_key_prefix":"prefix","sns_topic_name":null,"tags":null},"sensitive_values":{"advanced_event_selector":[],"event_selector":[],"insight_selector":[],"tags_all":{}}}],"child_modules":[{"resources":[{"address":"module.s3_bucket[0].aws_s3_bucket_public_access_block.example_1","mode":"managed","type":"aws_s3_bucket_public_access_block","name":"example_1","provider_name":"registry.terraform.io/hashicorp/aws","schema_version":0,"values":{"block_public_acls":true,"block_public_policy":true,"ignore_public_acls":false,"restrict_public_buckets":true},"sensitive_values":{}},{"address":"module.s3_bucket[0].aws_s3_bucket_public_access_block.example_2","mode":"managed","type":"aws_s3_bucket_public_access_block","name":"example_2","provider_name":"registry.terraform.io/hashicorp/aws","schema_version":0,"values":{"block_public_acls":true,"block_public_policy":true,"ignore_public_acls":false,"restrict_public_buckets":true},"sensitive_values":{}}],"address":"module.s3_bucket[0]","child_modules":[{"resources":[{"address":"module.s3_bucket[0].module.s3.aws_s3_bucket.example[0]","mode":"managed","type":"aws_s3_bucket","name":"example","index":0,"provider_name":"registry.terraform.io/hashicorp/aws","schema_version":0,"values":{"bucket":"ganes-bucket-1","force_destroy":true,"tags":null,"timeouts":null},"sensitive_values":{"cors_rule":[],"grant":[],"lifecycle_rule":[],"logging":[],"object_lock_configuration":[],"replication_configuration":[],"server_side_encryption_configuration":[],"tags_all":{},"versioning":[],"website":[]}},{"address":"module.s3_bucket[0].module.s3.aws_s3_bucket.example[1]","mode":"managed","type":"aws_s3_bucket","name":"example","index":1,"provider_name":"registry.terraform.io/hashicorp/aws","schema_version":0,"values":{"bucket":"ganes-bucket-2","force_destroy":true,"tags":null,"timeouts":null},"sensitive_values":{"cors_rule":[],"grant":[],"lifecycle_rule":[],"logging":[],"object_lock_configuration":[],"replication_configuration":[],"server_side_encryption_configuration":[],"tags_all":{},"versioning":[],"website":[]}}],"address":"module.s3_bucket[0].module.s3"}]},{"resources":[{"address":"module.s3_bucket[1].aws_s3_bucket_public_access_block.example_1","mode":"managed","type":"aws_s3_bucket_public_access_block","name":"example_1","provider_name":"registry.terraform.io/hashicorp/aws","schema_version":0,"values":{"block_public_acls":true,"block_public_policy":true,"ignore_public_acls":false,"restrict_public_buckets":true},"sensitive_values":{}},{"address":"module.s3_bucket[1].aws_s3_bucket_public_access_block.example_2","mode":"managed","type":"aws_s3_bucket_public_access_block","name":"example_2","provider_name":"registry.terraform.io/hashicorp/aws","schema_version":0,"values":{"block_public_acls":true,"block_public_policy":true,"ignore_public_acls":false,"restrict_public_buckets":true},"sensitive_values":{}}],"address":"module.s3_bucket[1]","child_modules":[{"resources":[{"address":"module.s3_bucket[1].module.s3.aws_s3_bucket.example[0]","mode":"managed","type":"aws_s3_bucket","name":"example","index":0,"provider_name":"registry.terraform.io/hashicorp/aws","schema_version":0,"values":{"bucket":"ganes-bucket-1","force_destroy":true,"tags":null,"timeouts":null},"sensitive_values":{"cors_rule":[],"grant":[],"lifecycle_rule":[],"logging":[],"object_lock_configuration":[],"replication_configuration":[],"server_side_encryption_configuration":[],"tags_all":{},"versioning":[],"website":[]}},{"address":"module.s3_bucket[1].module.s3.aws_s3_bucket.example[1]","mode":"managed","type":"aws_s3_bucket","name":"example","index":1,"provider_name":"registry.terraform.io/hashicorp/aws","schema_version":0,"values":{"bucket":"ganes-bucket-2","force_destroy":true,"tags":null,"timeouts":null},"sensitive_values":{"cors_rule":[],"grant":[],"lifecycle_rule":[],"logging":[],"object_lock_configuration":[],"replication_configuration":[],"server_side_encryption_configuration":[],"tags_all":{},"versioning":[],"website":[]}}],"address":"module.s3_bucket[1].module.s3"}]},{"resources":[{"address":"module.s3_bucket[2].aws_s3_bucket_public_access_block.example_1","mode":"managed","type":"aws_s3_bucket_public_access_block","name":"example_1","provider_name":"registry.terraform.io/hashicorp/aws","schema_version":0,"values":{"block_public_acls":true,"block_public_policy":true,"ignore_public_acls":false,"restrict_public_buckets":true},"sensitive_values":{}},{"address":"module.s3_bucket[2].aws_s3_bucket_public_access_block.example_2","mode":"managed","type":"aws_s3_bucket_public_access_block","name":"example_2","provider_name":"registry.terraform.io/hashicorp/aws","schema_version":0,"values":{"block_public_acls":true,"block_public_policy":true,"ignore_public_acls":false,"restrict_public_buckets":true},"sensitive_values":{}}],"address":"module.s3_bucket[2]","child_modules":[{"resources":[{"address":"module.s3_bucket[2].module.s3.aws_s3_bucket.example[0]","mode":"managed","type":"aws_s3_bucket","name":"example","index":0,"provider_name":"registry.terraform.io/hashicorp/aws","schema_version":0,"values":{"bucket":"ganes-bucket-1","force_destroy":true,"tags":null,"timeouts":null},"sensitive_values":{"cors_rule":[],"grant":[],"lifecycle_rule":[],"logging":[],"object_lock_configuration":[],"replication_configuration":[],"server_side_encryption_configuration":[],"tags_all":{},"versioning":[],"website":[]}},{"address":"module.s3_bucket[2].module.s3.aws_s3_bucket.example[1]","mode":"managed","type":"aws_s3_bucket","name":"example","index":1,"provider_name":"registry.terraform.io/hashicorp/aws","schema_version":0,"values":{"bucket":"ganes-bucket-2","force_destroy":true,"tags":null,"timeouts":null},"sensitive_values":{"cors_rule":[],"grant":[],"lifecycle_rule":[],"logging":[],"object_lock_configuration":[],"replication_configuration":[],"server_side_encryption_configuration":[],"tags_all":{},"versioning":[],"website":[]}}],"address":"module.s3_bucket[2].module.s3"}]}]}},"resource_changes":[{"address":"aws_cloudtrail.example","mode":"managed","type":"aws_cloudtrail","name":"example","provider_name":"registry.terraform.io/hashicorp/aws","change":{"actions":["create"],"before":null,"after":{"advanced_event_selector":[],"cloud_watch_logs_group_arn":null,"cloud_watch_logs_role_arn":null,"enable_log_file_validation":false,"enable_logging":true,"event_selector":[],"include_global_service_events":false,"insight_selector":[],"is_multi_region_trail":false,"is_organization_trail":false,"kms_key_id":null,"name":"example","s3_key_prefix":"prefix","sns_topic_name":null,"tags":null},"after_unknown":{"advanced_event_selector":[],"arn":true,"event_selector":[],"home_region":true,"id":true,"insight_selector":[],"s3_bucket_name":true,"tags_all":true},"before_sensitive":false,"after_sensitive":{"advanced_event_selector":[],"event_selector":[],"insight_selector":[],"tags_all":{}}}},{"address":"module.s3_bucket[0].aws_s3_bucket_public_access_block.example_1","module_address":"module.s3_bucket[0]","mode":"managed","type":"aws_s3_bucket_public_access_block","name":"example_1","provider_name":"registry.terraform.io/hashicorp/aws","change":{"actions":["create"],"before":null,"after":{"block_public_acls":true,"block_public_policy":true,"ignore_public_acls":false,"restrict_public_buckets":true},"after_unknown":{"bucket":true,"id":true},"before_sensitive":false,"after_sensitive":{}}},{"address":"module.s3_bucket[0].aws_s3_bucket_public_access_block.example_2","module_address":"module.s3_bucket[0]","mode":"managed","type":"aws_s3_bucket_public_access_block","name":"example_2","provider_name":"registry.terraform.io/hashicorp/aws","change":{"actions":["create"],"before":null,"after":{"block_public_acls":true,"block_public_policy":true,"ignore_public_acls":false,"restrict_public_buckets":true},"after_unknown":{"bucket":true,"id":true},"before_sensitive":false,"after_sensitive":{}}},{"address":"module.s3_bucket[1].aws_s3_bucket_public_access_block.example_1","module_address":"module.s3_bucket[1]","mode":"managed","type":"aws_s3_bucket_public_access_block","name":"example_1","provider_name":"registry.terraform.io/hashicorp/aws","change":{"actions":["create"],"before":null,"after":{"block_public_acls":true,"block_public_policy":true,"ignore_public_acls":false,"restrict_public_buckets":true},"after_unknown":{"bucket":true,"id":true},"before_sensitive":false,"after_sensitive":{}}},{"address":"module.s3_bucket[1].aws_s3_bucket_public_access_block.example_2","module_address":"module.s3_bucket[1]","mode":"managed","type":"aws_s3_bucket_public_access_block","name":"example_2","provider_name":"registry.terraform.io/hashicorp/aws","change":{"actions":["create"],"before":null,"after":{"block_public_acls":true,"block_public_policy":true,"ignore_public_acls":false,"restrict_public_buckets":true},"after_unknown":{"bucket":true,"id":true},"before_sensitive":false,"after_sensitive":{}}},{"address":"module.s3_bucket[2].aws_s3_bucket_public_access_block.example_1","module_address":"module.s3_bucket[2]","mode":"managed","type":"aws_s3_bucket_public_access_block","name":"example_1","provider_name":"registry.terraform.io/hashicorp/aws","change":{"actions":["create"],"before":null,"after":{"block_public_acls":true,"block_public_policy":true,"ignore_public_acls":false,"restrict_public_buckets":true},"after_unknown":{"bucket":true,"id":true},"before_sensitive":false,"after_sensitive":{}}},{"address":"module.s3_bucket[2].aws_s3_bucket_public_access_block.example_2","module_address":"module.s3_bucket[2]","mode":"managed","type":"aws_s3_bucket_public_access_block","name":"example_2","provider_name":"registry.terraform.io/hashicorp/aws","change":{"actions":["create"],"before":null,"after":{"block_public_acls":true,"block_public_policy":true,"ignore_public_acls":false,"restrict_public_buckets":true},"after_unknown":{"bucket":true,"id":true},"before_sensitive":false,"after_sensitive":{}}},{"address":"module.s3_bucket[0].module.s3.aws_s3_bucket.example[0]","module_address":"module.s3_bucket[0].module.s3","mode":"managed","type":"aws_s3_bucket","name":"example","index":0,"provider_name":"registry.terraform.io/hashicorp/aws","change":{"actions":["create"],"before":null,"after":{"bucket":"ganes-bucket-1","force_destroy":true,"tags":null,"timeouts":null},"after_unknown":{"acceleration_status":true,"acl":true,"arn":true,"bucket_domain_name":true,"bucket_prefix":true,"bucket_regional_domain_name":true,"cors_rule":true,"grant":true,"hosted_zone_id":true,"id":true,"lifecycle_rule":true,"logging":true,"object_lock_configuration":true,"object_lock_enabled":true,"policy":true,"region":true,"replication_configuration":true,"request_payer":true,"server_side_encryption_configuration":true,"tags_all":true,"versioning":true,"website":true,"website_domain":true,"website_endpoint":true},"before_sensitive":false,"after_sensitive":{"cors_rule":[],"grant":[],"lifecycle_rule":[],"logging":[],"object_lock_configuration":[],"replication_configuration":[],"server_side_encryption_configuration":[],"tags_all":{},"versioning":[],"website":[]}}},{"address":"module.s3_bucket[0].module.s3.aws_s3_bucket.example[1]","module_address":"module.s3_bucket[0].module.s3","mode":"managed","type":"aws_s3_bucket","name":"example","index":1,"provider_name":"registry.terraform.io/hashicorp/aws","change":{"actions":["create"],"before":null,"after":{"bucket":"ganes-bucket-2","force_destroy":true,"tags":null,"timeouts":null},"after_unknown":{"acceleration_status":true,"acl":true,"arn":true,"bucket_domain_name":true,"bucket_prefix":true,"bucket_regional_domain_name":true,"cors_rule":true,"grant":true,"hosted_zone_id":true,"id":true,"lifecycle_rule":true,"logging":true,"object_lock_configuration":true,"object_lock_enabled":true,"policy":true,"region":true,"replication_configuration":true,"request_payer":true,"server_side_encryption_configuration":true,"tags_all":true,"versioning":true,"website":true,"website_domain":true,"website_endpoint":true},"before_sensitive":false,"after_sensitive":{"cors_rule":[],"grant":[],"lifecycle_rule":[],"logging":[],"object_lock_configuration":[],"replication_configuration":[],"server_side_encryption_configuration":[],"tags_all":{},"versioning":[],"website":[]}}},{"address":"module.s3_bucket[1].module.s3.aws_s3_bucket.example[0]","module_address":"module.s3_bucket[1].module.s3","mode":"managed","type":"aws_s3_bucket","name":"example","index":0,"provider_name":"registry.terraform.io/hashicorp/aws","change":{"actions":["create"],"before":null,"after":{"bucket":"ganes-bucket-1","force_destroy":true,"tags":null,"timeouts":null},"after_unknown":{"acceleration_status":true,"acl":true,"arn":true,"bucket_domain_name":true,"bucket_prefix":true,"bucket_regional_domain_name":true,"cors_rule":true,"grant":true,"hosted_zone_id":true,"id":true,"lifecycle_rule":true,"logging":true,"object_lock_configuration":true,"object_lock_enabled":true,"policy":true,"region":true,"replication_configuration":true,"request_payer":true,"server_side_encryption_configuration":true,"tags_all":true,"versioning":true,"website":true,"website_domain":true,"website_endpoint":true},"before_sensitive":false,"after_sensitive":{"cors_rule":[],"grant":[],"lifecycle_rule":[],"logging":[],"object_lock_configuration":[],"replication_configuration":[],"server_side_encryption_configuration":[],"tags_all":{},"versioning":[],"website":[]}}},{"address":"module.s3_bucket[1].module.s3.aws_s3_bucket.example[1]","module_address":"module.s3_bucket[1].module.s3","mode":"managed","type":"aws_s3_bucket","name":"example","index":1,"provider_name":"registry.terraform.io/hashicorp/aws","change":{"actions":["create"],"before":null,"after":{"bucket":"ganes-bucket-2","force_destroy":true,"tags":null,"timeouts":null},"after_unknown":{"acceleration_status":true,"acl":true,"arn":true,"bucket_domain_name":true,"bucket_prefix":true,"bucket_regional_domain_name":true,"cors_rule":true,"grant":true,"hosted_zone_id":true,"id":true,"lifecycle_rule":true,"logging":true,"object_lock_configuration":true,"object_lock_enabled":true,"policy":true,"region":true,"replication_configuration":true,"request_payer":true,"server_side_encryption_configuration":true,"tags_all":true,"versioning":true,"website":true,"website_domain":true,"website_endpoint":true},"before_sensitive":false,"after_sensitive":{"cors_rule":[],"grant":[],"lifecycle_rule":[],"logging":[],"object_lock_configuration":[],"replication_configuration":[],"server_side_encryption_configuration":[],"tags_all":{},"versioning":[],"website":[]}}},{"address":"module.s3_bucket[2].module.s3.aws_s3_bucket.example[0]","module_address":"module.s3_bucket[2].module.s3","mode":"managed","type":"aws_s3_bucket","name":"example","index":0,"provider_name":"registry.terraform.io/hashicorp/aws","change":{"actions":["create"],"before":null,"after":{"bucket":"ganes-bucket-1","force_destroy":true,"tags":null,"timeouts":null},"after_unknown":{"acceleration_status":true,"acl":true,"arn":true,"bucket_domain_name":true,"bucket_prefix":true,"bucket_regional_domain_name":true,"cors_rule":true,"grant":true,"hosted_zone_id":true,"id":true,"lifecycle_rule":true,"logging":true,"object_lock_configuration":true,"object_lock_enabled":true,"policy":true,"region":true,"replication_configuration":true,"request_payer":true,"server_side_encryption_configuration":true,"tags_all":true,"versioning":true,"website":true,"website_domain":true,"website_endpoint":true},"before_sensitive":false,"after_sensitive":{"cors_rule":[],"grant":[],"lifecycle_rule":[],"logging":[],"object_lock_configuration":[],"replication_configuration":[],"server_side_encryption_configuration":[],"tags_all":{},"versioning":[],"website":[]}}},{"address":"module.s3_bucket[2].module.s3.aws_s3_bucket.example[1]","module_address":"module.s3_bucket[2].module.s3","mode":"managed","type":"aws_s3_bucket","name":"example","index":1,"provider_name":"registry.terraform.io/hashicorp/aws","change":{"actions":["create"],"before":null,"after":{"bucket":"ganes-bucket-2","force_destroy":true,"tags":null,"timeouts":null},"after_unknown":{"acceleration_status":true,"acl":true,"arn":true,"bucket_domain_name":true,"bucket_prefix":true,"bucket_regional_domain_name":true,"cors_rule":true,"grant":true,"hosted_zone_id":true,"id":true,"lifecycle_rule":true,"logging":true,"object_lock_configuration":true,"object_lock_enabled":true,"policy":true,"region":true,"replication_configuration":true,"request_payer":true,"server_side_encryption_configuration":true,"tags_all":true,"versioning":true,"website":true,"website_domain":true,"website_endpoint":true},"before_sensitive":false,"after_sensitive":{"cors_rule":[],"grant":[],"lifecycle_rule":[],"logging":[],"object_lock_configuration":[],"replication_configuration":[],"server_side_encryption_configuration":[],"tags_all":{},"versioning":[],"website":[]}}}],"configuration":{"provider_config":{"aws":{"name":"aws","full_name":"registry.terraform.io/hashicorp/aws","expressions":{"region":{"constant_value":"us-west-2"}}}},"root_module":{"resources":[{"address":"aws_cloudtrail.example","mode":"managed","type":"aws_cloudtrail","name":"example","provider_config_key":"aws","expressions":{"include_global_service_events":{"constant_value":false},"name":{"constant_value":"example"},"s3_bucket_name":{"references":["module.s3_bucket[1].bucket_names[1]","module.s3_bucket[1].bucket_names","module.s3_bucket[1]"]},"s3_key_prefix":{"constant_value":"prefix"}},"schema_version":1}],"module_calls":{"s3_bucket":{"source":"./s3_module","count_expression":{"constant_value":3},"module":{"outputs":{"bucket_names":{"expression":{"references":["module.s3.bucket_names","module.s3"]}}},"resources":[{"address":"aws_s3_bucket_public_access_block.example_1","mode":"managed","type":"aws_s3_bucket_public_access_block","name":"example_1","provider_config_key":"aws","expressions":{"block_public_acls":{"constant_value":true},"block_public_policy":{"constant_value":true},"bucket":{"references":["module.s3.bucket_names[0]","module.s3.bucket_names","module.s3"]},"ignore_public_acls":{"constant_value":false},"restrict_public_buckets":{"constant_value":true}},"schema_version":0},{"address":"aws_s3_bucket_public_access_block.example_2","mode":"managed","type":"aws_s3_bucket_public_access_block","name":"example_2","provider_config_key":"aws","expressions":{"block_public_acls":{"constant_value":true},"block_public_policy":{"constant_value":true},"bucket":{"references":["module.s3.bucket_names[1]","module.s3.bucket_names","module.s3"]},"ignore_public_acls":{"constant_value":false},"restrict_public_buckets":{"constant_value":true}},"schema_version":0}],"module_calls":{"s3":{"source":"./s3","module":{"outputs":{"bucket_names":{"expression":{"references":["aws_s3_bucket.example[0].id","aws_s3_bucket.example[0]","aws_s3_bucket.example","aws_s3_bucket.example[1].id","aws_s3_bucket.example[1]","aws_s3_bucket.example"]}}},"resources":[{"address":"aws_s3_bucket.example","mode":"managed","type":"aws_s3_bucket","name":"example","provider_config_key":"aws","expressions":{"bucket":{"references":["count.index"]},"force_destroy":{"constant_value":true}},"schema_version":0,"count_expression":{"constant_value":2}}]}}}}}}}},"relevant_attributes":[{"resource":"module.s3_bucket[1].module.s3.aws_s3_bucket.example[0]","attribute":["id"]},{"resource":"module.s3_bucket[1].module.s3.aws_s3_bucket.example[1]","attribute":["id"]},{"resource":"module.s3_bucket[2].module.s3.aws_s3_bucket.example[0]","attribute":["id"]},{"resource":"module.s3_bucket[2].module.s3.aws_s3_bucket.example[1]","attribute":["id"]},{"resource":"module.s3_bucket[0].module.s3.aws_s3_bucket.example[0]","attribute":["id"]},{"resource":"module.s3_bucket[0].module.s3.aws_s3_bucket.example[1]","attribute":["id"]}],"timestamp":"2024-03-04T04:01:30Z","errored":false}
